// !$*UTF8*$!
{
	archiveVersion = 1;
	classes = {
	};
	objectVersion = 50;
	objects = {

/* Begin PBXBuildFile section */
		DA3CC10423619F8B00D799B2 /* AppDelegate.swift in Sources */ = {isa = PBXBuildFile; fileRef = DA3CC10323619F8B00D799B2 /* AppDelegate.swift */; };
		DA3CC10B23619F8B00D799B2 /* Main.storyboard in Resources */ = {isa = PBXBuildFile; fileRef = DA3CC10923619F8B00D799B2 /* Main.storyboard */; };
		DA3CC10D23619F8B00D799B2 /* Assets.xcassets in Resources */ = {isa = PBXBuildFile; fileRef = DA3CC10C23619F8B00D799B2 /* Assets.xcassets */; };
		DA3CC11023619F8B00D799B2 /* LaunchScreen.storyboard in Resources */ = {isa = PBXBuildFile; fileRef = DA3CC10E23619F8B00D799B2 /* LaunchScreen.storyboard */; };
		DA3CC11B23619F8C00D799B2 /* ToDoTDDTests.swift in Sources */ = {isa = PBXBuildFile; fileRef = DA3CC11A23619F8C00D799B2 /* ToDoTDDTests.swift */; };
		DA3CC12723619FD300D799B2 /* APIClient.swift in Sources */ = {isa = PBXBuildFile; fileRef = DA3CC12623619FD300D799B2 /* APIClient.swift */; };
		DA3CC12923619FE000D799B2 /* Token.swift in Sources */ = {isa = PBXBuildFile; fileRef = DA3CC12823619FE000D799B2 /* Token.swift */; };
		DA3CC12C23619FF400D799B2 /* ItemCell.swift in Sources */ = {isa = PBXBuildFile; fileRef = DA3CC12B23619FF400D799B2 /* ItemCell.swift */; };
		DA3CC1322361A09C00D799B2 /* Constants.swift in Sources */ = {isa = PBXBuildFile; fileRef = DA3CC1312361A09C00D799B2 /* Constants.swift */; };
		DA3CC1342361A3AA00D799B2 /* ToDoItem.swift in Sources */ = {isa = PBXBuildFile; fileRef = DA3CC1332361A3AA00D799B2 /* ToDoItem.swift */; };
		DA3CC1362361A41200D799B2 /* Location.swift in Sources */ = {isa = PBXBuildFile; fileRef = DA3CC1352361A41200D799B2 /* Location.swift */; };
		DA3CC1382361A42600D799B2 /* ToDoItemManager.swift in Sources */ = {isa = PBXBuildFile; fileRef = DA3CC1372361A42600D799B2 /* ToDoItemManager.swift */; };
		DA3CC13A2361A4D400D799B2 /* ItemListViewController.swift in Sources */ = {isa = PBXBuildFile; fileRef = DA3CC1392361A4D400D799B2 /* ItemListViewController.swift */; };
		DA3CC13C2361A4DC00D799B2 /* ItemListDataProvider.swift in Sources */ = {isa = PBXBuildFile; fileRef = DA3CC13B2361A4DC00D799B2 /* ItemListDataProvider.swift */; };
		DA3CC13E2361A4E400D799B2 /* DetailViewController.swift in Sources */ = {isa = PBXBuildFile; fileRef = DA3CC13D2361A4E400D799B2 /* DetailViewController.swift */; };
		DA3CC1402361A4EC00D799B2 /* InputViewController.swift in Sources */ = {isa = PBXBuildFile; fileRef = DA3CC13F2361A4EC00D799B2 /* InputViewController.swift */; };
/* End PBXBuildFile section */

/* Begin PBXContainerItemProxy section */
		DA3CC11723619F8C00D799B2 /* PBXContainerItemProxy */ = {
			isa = PBXContainerItemProxy;
			containerPortal = DA3CC0F823619F8B00D799B2 /* Project object */;
			proxyType = 1;
			remoteGlobalIDString = DA3CC0FF23619F8B00D799B2;
			remoteInfo = ToDoTDD;
		};
/* End PBXContainerItemProxy section */

/* Begin PBXFileReference section */
		DA3CC10023619F8B00D799B2 /* ToDoTDD.app */ = {isa = PBXFileReference; explicitFileType = wrapper.application; includeInIndex = 0; path = ToDoTDD.app; sourceTree = BUILT_PRODUCTS_DIR; };
		DA3CC10323619F8B00D799B2 /* AppDelegate.swift */ = {isa = PBXFileReference; lastKnownFileType = sourcecode.swift; path = AppDelegate.swift; sourceTree = "<group>"; };
		DA3CC10A23619F8B00D799B2 /* Base */ = {isa = PBXFileReference; lastKnownFileType = file.storyboard; name = Base; path = Base.lproj/Main.storyboard; sourceTree = "<group>"; };
		DA3CC10C23619F8B00D799B2 /* Assets.xcassets */ = {isa = PBXFileReference; lastKnownFileType = folder.assetcatalog; path = Assets.xcassets; sourceTree = "<group>"; };
		DA3CC10F23619F8B00D799B2 /* Base */ = {isa = PBXFileReference; lastKnownFileType = file.storyboard; name = Base; path = Base.lproj/LaunchScreen.storyboard; sourceTree = "<group>"; };
		DA3CC11123619F8B00D799B2 /* Info.plist */ = {isa = PBXFileReference; lastKnownFileType = text.plist.xml; path = Info.plist; sourceTree = "<group>"; };
		DA3CC11623619F8C00D799B2 /* ToDoTDDTests.xctest */ = {isa = PBXFileReference; explicitFileType = wrapper.cfbundle; includeInIndex = 0; path = ToDoTDDTests.xctest; sourceTree = BUILT_PRODUCTS_DIR; };
		DA3CC11A23619F8C00D799B2 /* ToDoTDDTests.swift */ = {isa = PBXFileReference; lastKnownFileType = sourcecode.swift; path = ToDoTDDTests.swift; sourceTree = "<group>"; };
		DA3CC11C23619F8C00D799B2 /* Info.plist */ = {isa = PBXFileReference; lastKnownFileType = text.plist.xml; path = Info.plist; sourceTree = "<group>"; };
		DA3CC12623619FD300D799B2 /* APIClient.swift */ = {isa = PBXFileReference; lastKnownFileType = sourcecode.swift; path = APIClient.swift; sourceTree = "<group>"; };
		DA3CC12823619FE000D799B2 /* Token.swift */ = {isa = PBXFileReference; lastKnownFileType = sourcecode.swift; path = Token.swift; sourceTree = "<group>"; };
		DA3CC12B23619FF400D799B2 /* ItemCell.swift */ = {isa = PBXFileReference; lastKnownFileType = sourcecode.swift; path = ItemCell.swift; sourceTree = "<group>"; };
		DA3CC1312361A09C00D799B2 /* Constants.swift */ = {isa = PBXFileReference; lastKnownFileType = sourcecode.swift; path = Constants.swift; sourceTree = "<group>"; };
		DA3CC1332361A3AA00D799B2 /* ToDoItem.swift */ = {isa = PBXFileReference; lastKnownFileType = sourcecode.swift; path = ToDoItem.swift; sourceTree = "<group>"; };
		DA3CC1352361A41200D799B2 /* Location.swift */ = {isa = PBXFileReference; lastKnownFileType = sourcecode.swift; path = Location.swift; sourceTree = "<group>"; };
		DA3CC1372361A42600D799B2 /* ToDoItemManager.swift */ = {isa = PBXFileReference; lastKnownFileType = sourcecode.swift; path = ToDoItemManager.swift; sourceTree = "<group>"; };
		DA3CC1392361A4D400D799B2 /* ItemListViewController.swift */ = {isa = PBXFileReference; lastKnownFileType = sourcecode.swift; path = ItemListViewController.swift; sourceTree = "<group>"; };
		DA3CC13B2361A4DC00D799B2 /* ItemListDataProvider.swift */ = {isa = PBXFileReference; lastKnownFileType = sourcecode.swift; path = ItemListDataProvider.swift; sourceTree = "<group>"; };
		DA3CC13D2361A4E400D799B2 /* DetailViewController.swift */ = {isa = PBXFileReference; lastKnownFileType = sourcecode.swift; path = DetailViewController.swift; sourceTree = "<group>"; };
		DA3CC13F2361A4EC00D799B2 /* InputViewController.swift */ = {isa = PBXFileReference; lastKnownFileType = sourcecode.swift; path = InputViewController.swift; sourceTree = "<group>"; };
/* End PBXFileReference section */

/* Begin PBXFrameworksBuildPhase section */
		DA3CC0FD23619F8B00D799B2 /* Frameworks */ = {
			isa = PBXFrameworksBuildPhase;
			buildActionMask = 2147483647;
			files = (
			);
			runOnlyForDeploymentPostprocessing = 0;
		};
		DA3CC11323619F8C00D799B2 /* Frameworks */ = {
			isa = PBXFrameworksBuildPhase;
			buildActionMask = 2147483647;
			files = (
			);
			runOnlyForDeploymentPostprocessing = 0;
		};
/* End PBXFrameworksBuildPhase section */

/* Begin PBXGroup section */
		DA3CC0F723619F8B00D799B2 = {
			isa = PBXGroup;
			children = (
				DA3CC10223619F8B00D799B2 /* ToDoTDD */,
				DA3CC11923619F8C00D799B2 /* ToDoTDDTests */,
				DA3CC10123619F8B00D799B2 /* Products */,
			);
			sourceTree = "<group>";
		};
		DA3CC10123619F8B00D799B2 /* Products */ = {
			isa = PBXGroup;
			children = (
				DA3CC10023619F8B00D799B2 /* ToDoTDD.app */,
				DA3CC11623619F8C00D799B2 /* ToDoTDDTests.xctest */,
			);
			name = Products;
			sourceTree = "<group>";
		};
		DA3CC10223619F8B00D799B2 /* ToDoTDD */ = {
			isa = PBXGroup;
			children = (
				DA3CC1302361A06500D799B2 /* Others */,
				DA3CC12F2361A06000D799B2 /* Storyboards */,
				DA3CC12E2361A05900D799B2 /* Models */,
				DA3CC12D2361A05100D799B2 /* ViewControllers */,
				DA3CC12A23619FEB00D799B2 /* Views */,
				DA3CC12523619FCA00D799B2 /* Network */,
			);
			path = ToDoTDD;
			sourceTree = "<group>";
		};
		DA3CC11923619F8C00D799B2 /* ToDoTDDTests */ = {
			isa = PBXGroup;
			children = (
				DA3CC11A23619F8C00D799B2 /* ToDoTDDTests.swift */,
				DA3CC11C23619F8C00D799B2 /* Info.plist */,
			);
			path = ToDoTDDTests;
			sourceTree = "<group>";
		};
		DA3CC12523619FCA00D799B2 /* Network */ = {
			isa = PBXGroup;
			children = (
				DA3CC12623619FD300D799B2 /* APIClient.swift */,
				DA3CC12823619FE000D799B2 /* Token.swift */,
			);
			path = Network;
			sourceTree = "<group>";
		};
		DA3CC12A23619FEB00D799B2 /* Views */ = {
			isa = PBXGroup;
			children = (
				DA3CC12B23619FF400D799B2 /* ItemCell.swift */,
			);
			path = Views;
			sourceTree = "<group>";
		};
		DA3CC12D2361A05100D799B2 /* ViewControllers */ = {
			isa = PBXGroup;
			children = (
				DA3CC1392361A4D400D799B2 /* ItemListViewController.swift */,
				DA3CC13B2361A4DC00D799B2 /* ItemListDataProvider.swift */,
				DA3CC13D2361A4E400D799B2 /* DetailViewController.swift */,
				DA3CC13F2361A4EC00D799B2 /* InputViewController.swift */,
			);
			path = ViewControllers;
			sourceTree = "<group>";
		};
		DA3CC12E2361A05900D799B2 /* Models */ = {
			isa = PBXGroup;
			children = (
				DA3CC1332361A3AA00D799B2 /* ToDoItem.swift */,
				DA3CC1352361A41200D799B2 /* Location.swift */,
				DA3CC1372361A42600D799B2 /* ToDoItemManager.swift */,
			);
			path = Models;
			sourceTree = "<group>";
		};
		DA3CC12F2361A06000D799B2 /* Storyboards */ = {
			isa = PBXGroup;
			children = (
				DA3CC10923619F8B00D799B2 /* Main.storyboard */,
				DA3CC10E23619F8B00D799B2 /* LaunchScreen.storyboard */,
			);
			path = Storyboards;
			sourceTree = "<group>";
		};
		DA3CC1302361A06500D799B2 /* Others */ = {
			isa = PBXGroup;
			children = (
				DA3CC10323619F8B00D799B2 /* AppDelegate.swift */,
				DA3CC1312361A09C00D799B2 /* Constants.swift */,
				DA3CC10C23619F8B00D799B2 /* Assets.xcassets */,
				DA3CC11123619F8B00D799B2 /* Info.plist */,
			);
			path = Others;
			sourceTree = "<group>";
		};
/* End PBXGroup section */

/* Begin PBXNativeTarget section */
		DA3CC0FF23619F8B00D799B2 /* ToDoTDD */ = {
			isa = PBXNativeTarget;
			buildConfigurationList = DA3CC11F23619F8C00D799B2 /* Build configuration list for PBXNativeTarget "ToDoTDD" */;
			buildPhases = (
				DA3CC0FC23619F8B00D799B2 /* Sources */,
				DA3CC0FD23619F8B00D799B2 /* Frameworks */,
				DA3CC0FE23619F8B00D799B2 /* Resources */,
			);
			buildRules = (
			);
			dependencies = (
			);
			name = ToDoTDD;
			productName = ToDoTDD;
			productReference = DA3CC10023619F8B00D799B2 /* ToDoTDD.app */;
			productType = "com.apple.product-type.application";
		};
		DA3CC11523619F8C00D799B2 /* ToDoTDDTests */ = {
			isa = PBXNativeTarget;
			buildConfigurationList = DA3CC12223619F8C00D799B2 /* Build configuration list for PBXNativeTarget "ToDoTDDTests" */;
			buildPhases = (
				DA3CC11223619F8C00D799B2 /* Sources */,
				DA3CC11323619F8C00D799B2 /* Frameworks */,
				DA3CC11423619F8C00D799B2 /* Resources */,
			);
			buildRules = (
			);
			dependencies = (
				DA3CC11823619F8C00D799B2 /* PBXTargetDependency */,
			);
			name = ToDoTDDTests;
			productName = ToDoTDDTests;
			productReference = DA3CC11623619F8C00D799B2 /* ToDoTDDTests.xctest */;
			productType = "com.apple.product-type.bundle.unit-test";
		};
/* End PBXNativeTarget section */

/* Begin PBXProject section */
		DA3CC0F823619F8B00D799B2 /* Project object */ = {
			isa = PBXProject;
			attributes = {
				LastSwiftUpdateCheck = 1110;
				LastUpgradeCheck = 1110;
				ORGANIZATIONNAME = "Pierce Tu";
				TargetAttributes = {
					DA3CC0FF23619F8B00D799B2 = {
						CreatedOnToolsVersion = 11.1;
					};
					DA3CC11523619F8C00D799B2 = {
						CreatedOnToolsVersion = 11.1;
						TestTargetID = DA3CC0FF23619F8B00D799B2;
					};
				};
			};
			buildConfigurationList = DA3CC0FB23619F8B00D799B2 /* Build configuration list for PBXProject "ToDoTDD" */;
			compatibilityVersion = "Xcode 9.3";
			developmentRegion = en;
			hasScannedForEncodings = 0;
			knownRegions = (
				en,
				Base,
			);
			mainGroup = DA3CC0F723619F8B00D799B2;
			productRefGroup = DA3CC10123619F8B00D799B2 /* Products */;
			projectDirPath = "";
			projectRoot = "";
			targets = (
				DA3CC0FF23619F8B00D799B2 /* ToDoTDD */,
				DA3CC11523619F8C00D799B2 /* ToDoTDDTests */,
			);
		};
/* End PBXProject section */

/* Begin PBXResourcesBuildPhase section */
		DA3CC0FE23619F8B00D799B2 /* Resources */ = {
			isa = PBXResourcesBuildPhase;
			buildActionMask = 2147483647;
			files = (
				DA3CC11023619F8B00D799B2 /* LaunchScreen.storyboard in Resources */,
				DA3CC10D23619F8B00D799B2 /* Assets.xcassets in Resources */,
				DA3CC10B23619F8B00D799B2 /* Main.storyboard in Resources */,
			);
			runOnlyForDeploymentPostprocessing = 0;
		};
		DA3CC11423619F8C00D799B2 /* Resources */ = {
			isa = PBXResourcesBuildPhase;
			buildActionMask = 2147483647;
			files = (
			);
			runOnlyForDeploymentPostprocessing = 0;
		};
/* End PBXResourcesBuildPhase section */

/* Begin PBXSourcesBuildPhase section */
		DA3CC0FC23619F8B00D799B2 /* Sources */ = {
			isa = PBXSourcesBuildPhase;
			buildActionMask = 2147483647;
			files = (
				DA3CC13E2361A4E400D799B2 /* DetailViewController.swift in Sources */,
				DA3CC1382361A42600D799B2 /* ToDoItemManager.swift in Sources */,
				DA3CC13C2361A4DC00D799B2 /* ItemListDataProvider.swift in Sources */,
				DA3CC1402361A4EC00D799B2 /* InputViewController.swift in Sources */,
				DA3CC1322361A09C00D799B2 /* Constants.swift in Sources */,
				DA3CC13A2361A4D400D799B2 /* ItemListViewController.swift in Sources */,
				DA3CC10423619F8B00D799B2 /* AppDelegate.swift in Sources */,
				DA3CC1342361A3AA00D799B2 /* ToDoItem.swift in Sources */,
				DA3CC12723619FD300D799B2 /* APIClient.swift in Sources */,
				DA3CC12923619FE000D799B2 /* Token.swift in Sources */,
				DA3CC12C23619FF400D799B2 /* ItemCell.swift in Sources */,
				DA3CC1362361A41200D799B2 /* Location.swift in Sources */,
			);
			runOnlyForDeploymentPostprocessing = 0;
		};
		DA3CC11223619F8C00D799B2 /* Sources */ = {
			isa = PBXSourcesBuildPhase;
			buildActionMask = 2147483647;
			files = (
				DA3CC11B23619F8C00D799B2 /* ToDoTDDTests.swift in Sources */,
			);
			runOnlyForDeploymentPostprocessing = 0;
		};
/* End PBXSourcesBuildPhase section */

/* Begin PBXTargetDependency section */
		DA3CC11823619F8C00D799B2 /* PBXTargetDependency */ = {
			isa = PBXTargetDependency;
			target = DA3CC0FF23619F8B00D799B2 /* ToDoTDD */;
			targetProxy = DA3CC11723619F8C00D799B2 /* PBXContainerItemProxy */;
		};
/* End PBXTargetDependency section */

/* Begin PBXVariantGroup section */
		DA3CC10923619F8B00D799B2 /* Main.storyboard */ = {
			isa = PBXVariantGroup;
			children = (
				DA3CC10A23619F8B00D799B2 /* Base */,
			);
			name = Main.storyboard;
			sourceTree = "<group>";
		};
		DA3CC10E23619F8B00D799B2 /* LaunchScreen.storyboard */ = {
			isa = PBXVariantGroup;
			children = (
				DA3CC10F23619F8B00D799B2 /* Base */,
			);
			name = LaunchScreen.storyboard;
			sourceTree = "<group>";
		};
/* End PBXVariantGroup section */

/* Begin XCBuildConfiguration section */
		DA3CC11D23619F8C00D799B2 /* Debug */ = {
			isa = XCBuildConfiguration;
			buildSettings = {
				ALWAYS_SEARCH_USER_PATHS = NO;
				CLANG_ANALYZER_NONNULL = YES;
				CLANG_ANALYZER_NUMBER_OBJECT_CONVERSION = YES_AGGRESSIVE;
				CLANG_CXX_LANGUAGE_STANDARD = "gnu++14";
				CLANG_CXX_LIBRARY = "libc++";
				CLANG_ENABLE_MODULES = YES;
				CLANG_ENABLE_OBJC_ARC = YES;
				CLANG_ENABLE_OBJC_WEAK = YES;
				CLANG_WARN_BLOCK_CAPTURE_AUTORELEASING = YES;
				CLANG_WARN_BOOL_CONVERSION = YES;
				CLANG_WARN_COMMA = YES;
				CLANG_WARN_CONSTANT_CONVERSION = YES;
				CLANG_WARN_DEPRECATED_OBJC_IMPLEMENTATIONS = YES;
				CLANG_WARN_DIRECT_OBJC_ISA_USAGE = YES_ERROR;
				CLANG_WARN_DOCUMENTATION_COMMENTS = YES;
				CLANG_WARN_EMPTY_BODY = YES;
				CLANG_WARN_ENUM_CONVERSION = YES;
				CLANG_WARN_INFINITE_RECURSION = YES;
				CLANG_WARN_INT_CONVERSION = YES;
				CLANG_WARN_NON_LITERAL_NULL_CONVERSION = YES;
				CLANG_WARN_OBJC_IMPLICIT_RETAIN_SELF = YES;
				CLANG_WARN_OBJC_LITERAL_CONVERSION = YES;
				CLANG_WARN_OBJC_ROOT_CLASS = YES_ERROR;
				CLANG_WARN_RANGE_LOOP_ANALYSIS = YES;
				CLANG_WARN_STRICT_PROTOTYPES = YES;
				CLANG_WARN_SUSPICIOUS_MOVE = YES;
				CLANG_WARN_UNGUARDED_AVAILABILITY = YES_AGGRESSIVE;
				CLANG_WARN_UNREACHABLE_CODE = YES;
				CLANG_WARN__DUPLICATE_METHOD_MATCH = YES;
				COPY_PHASE_STRIP = NO;
				DEBUG_INFORMATION_FORMAT = dwarf;
				ENABLE_STRICT_OBJC_MSGSEND = YES;
				ENABLE_TESTABILITY = YES;
				GCC_C_LANGUAGE_STANDARD = gnu11;
				GCC_DYNAMIC_NO_PIC = NO;
				GCC_NO_COMMON_BLOCKS = YES;
				GCC_OPTIMIZATION_LEVEL = 0;
				GCC_PREPROCESSOR_DEFINITIONS = (
					"DEBUG=1",
					"$(inherited)",
				);
				GCC_WARN_64_TO_32_BIT_CONVERSION = YES;
				GCC_WARN_ABOUT_RETURN_TYPE = YES_ERROR;
				GCC_WARN_UNDECLARED_SELECTOR = YES;
				GCC_WARN_UNINITIALIZED_AUTOS = YES_AGGRESSIVE;
				GCC_WARN_UNUSED_FUNCTION = YES;
				GCC_WARN_UNUSED_VARIABLE = YES;
				IPHONEOS_DEPLOYMENT_TARGET = 13.1;
				MTL_ENABLE_DEBUG_INFO = INCLUDE_SOURCE;
				MTL_FAST_MATH = YES;
				ONLY_ACTIVE_ARCH = YES;
				SDKROOT = iphoneos;
				SWIFT_ACTIVE_COMPILATION_CONDITIONS = DEBUG;
				SWIFT_OPTIMIZATION_LEVEL = "-Onone";
			};
			name = Debug;
		};
		DA3CC11E23619F8C00D799B2 /* Release */ = {
			isa = XCBuildConfiguration;
			buildSettings = {
				ALWAYS_SEARCH_USER_PATHS = NO;
				CLANG_ANALYZER_NONNULL = YES;
				CLANG_ANALYZER_NUMBER_OBJECT_CONVERSION = YES_AGGRESSIVE;
				CLANG_CXX_LANGUAGE_STANDARD = "gnu++14";
				CLANG_CXX_LIBRARY = "libc++";
				CLANG_ENABLE_MODULES = YES;
				CLANG_ENABLE_OBJC_ARC = YES;
				CLANG_ENABLE_OBJC_WEAK = YES;
				CLANG_WARN_BLOCK_CAPTURE_AUTORELEASING = YES;
				CLANG_WARN_BOOL_CONVERSION = YES;
				CLANG_WARN_COMMA = YES;
				CLANG_WARN_CONSTANT_CONVERSION = YES;
				CLANG_WARN_DEPRECATED_OBJC_IMPLEMENTATIONS = YES;
				CLANG_WARN_DIRECT_OBJC_ISA_USAGE = YES_ERROR;
				CLANG_WARN_DOCUMENTATION_COMMENTS = YES;
				CLANG_WARN_EMPTY_BODY = YES;
				CLANG_WARN_ENUM_CONVERSION = YES;
				CLANG_WARN_INFINITE_RECURSION = YES;
				CLANG_WARN_INT_CONVERSION = YES;
				CLANG_WARN_NON_LITERAL_NULL_CONVERSION = YES;
				CLANG_WARN_OBJC_IMPLICIT_RETAIN_SELF = YES;
				CLANG_WARN_OBJC_LITERAL_CONVERSION = YES;
				CLANG_WARN_OBJC_ROOT_CLASS = YES_ERROR;
				CLANG_WARN_RANGE_LOOP_ANALYSIS = YES;
				CLANG_WARN_STRICT_PROTOTYPES = YES;
				CLANG_WARN_SUSPICIOUS_MOVE = YES;
				CLANG_WARN_UNGUARDED_AVAILABILITY = YES_AGGRESSIVE;
				CLANG_WARN_UNREACHABLE_CODE = YES;
				CLANG_WARN__DUPLICATE_METHOD_MATCH = YES;
				COPY_PHASE_STRIP = NO;
				DEBUG_INFORMATION_FORMAT = "dwarf-with-dsym";
				ENABLE_NS_ASSERTIONS = NO;
				ENABLE_STRICT_OBJC_MSGSEND = YES;
				GCC_C_LANGUAGE_STANDARD = gnu11;
				GCC_NO_COMMON_BLOCKS = YES;
				GCC_WARN_64_TO_32_BIT_CONVERSION = YES;
				GCC_WARN_ABOUT_RETURN_TYPE = YES_ERROR;
				GCC_WARN_UNDECLARED_SELECTOR = YES;
				GCC_WARN_UNINITIALIZED_AUTOS = YES_AGGRESSIVE;
				GCC_WARN_UNUSED_FUNCTION = YES;
				GCC_WARN_UNUSED_VARIABLE = YES;
				IPHONEOS_DEPLOYMENT_TARGET = 13.1;
				MTL_ENABLE_DEBUG_INFO = NO;
				MTL_FAST_MATH = YES;
				SDKROOT = iphoneos;
				SWIFT_COMPILATION_MODE = wholemodule;
				SWIFT_OPTIMIZATION_LEVEL = "-O";
				VALIDATE_PRODUCT = YES;
			};
			name = Release;
		};
		DA3CC12023619F8C00D799B2 /* Debug */ = {
			isa = XCBuildConfiguration;
			buildSettings = {
				ASSETCATALOG_COMPILER_APPICON_NAME = AppIcon;
				CODE_SIGN_STYLE = Automatic;
				DEVELOPMENT_TEAM = 2P4RL2V69U;
				INFOPLIST_FILE = ToDoTDD/Others/Info.plist;
				LD_RUNPATH_SEARCH_PATHS = (
					"$(inherited)",
					"@executable_path/Frameworks",
				);
				PRODUCT_BUNDLE_IDENTIFIER = piercetu.ToDoTDD;
				PRODUCT_NAME = "$(TARGET_NAME)";
				SWIFT_VERSION = 5.0;
				TARGETED_DEVICE_FAMILY = "1,2";
			};
			name = Debug;
		};
		DA3CC12123619F8C00D799B2 /* Release */ = {
			isa = XCBuildConfiguration;
			buildSettings = {
				ASSETCATALOG_COMPILER_APPICON_NAME = AppIcon;
				CODE_SIGN_STYLE = Automatic;
				DEVELOPMENT_TEAM = 2P4RL2V69U;
				INFOPLIST_FILE = ToDoTDD/Others/Info.plist;
				LD_RUNPATH_SEARCH_PATHS = (
					"$(inherited)",
					"@executable_path/Frameworks",
				);
				PRODUCT_BUNDLE_IDENTIFIER = piercetu.ToDoTDD;
				PRODUCT_NAME = "$(TARGET_NAME)";
				SWIFT_VERSION = 5.0;
				TARGETED_DEVICE_FAMILY = "1,2";
			};
			name = Release;
		};
		DA3CC12323619F8C00D799B2 /* Debug */ = {
			isa = XCBuildConfiguration;
			buildSettings = {
				ALWAYS_EMBED_SWIFT_STANDARD_LIBRARIES = YES;
				BUNDLE_LOADER = "$(TEST_HOST)";
				CODE_SIGN_STYLE = Automatic;
				DEVELOPMENT_TEAM = 2P4RL2V69U;
				INFOPLIST_FILE = ToDoTDDTests/Info.plist;
				IPHONEOS_DEPLOYMENT_TARGET = 13.1;
				LD_RUNPATH_SEARCH_PATHS = (
					"$(inherited)",
					"@executable_path/Frameworks",
					"@loader_path/Frameworks",
				);
				PRODUCT_BUNDLE_IDENTIFIER = piercetu.ToDoTDDTests;
				PRODUCT_NAME = "$(TARGET_NAME)";
				SWIFT_VERSION = 5.0;
				TARGETED_DEVICE_FAMILY = "1,2";
				TEST_HOST = "$(BUILT_PRODUCTS_DIR)/ToDoTDD.app/ToDoTDD";
			};
			name = Debug;
		};
		DA3CC12423619F8C00D799B2 /* Release */ = {
			isa = XCBuildConfiguration;
			buildSettings = {
				ALWAYS_EMBED_SWIFT_STANDARD_LIBRARIES = YES;
				BUNDLE_LOADER = "$(TEST_HOST)";
				CODE_SIGN_STYLE = Automatic;
				DEVELOPMENT_TEAM = 2P4RL2V69U;
				INFOPLIST_FILE = ToDoTDDTests/Info.plist;
				IPHONEOS_DEPLOYMENT_TARGET = 13.1;
				LD_RUNPATH_SEARCH_PATHS = (
					"$(inherited)",
					"@executable_path/Frameworks",
					"@loader_path/Frameworks",
				);
				PRODUCT_BUNDLE_IDENTIFIER = piercetu.ToDoTDDTests;
				PRODUCT_NAME = "$(TARGET_NAME)";
				SWIFT_VERSION = 5.0;
				TARGETED_DEVICE_FAMILY = "1,2";
				TEST_HOST = "$(BUILT_PRODUCTS_DIR)/ToDoTDD.app/ToDoTDD";
			};
			name = Release;
		};
/* End XCBuildConfiguration section */

/* Begin XCConfigurationList section */
		DA3CC0FB23619F8B00D799B2 /* Build configuration list for PBXProject "ToDoTDD" */ = {
			isa = XCConfigurationList;
			buildConfigurations = (
				DA3CC11D23619F8C00D799B2 /* Debug */,
				DA3CC11E23619F8C00D799B2 /* Release */,
			);
			defaultConfigurationIsVisible = 0;
			defaultConfigurationName = Release;
		};
		DA3CC11F23619F8C00D799B2 /* Build configuration list for PBXNativeTarget "ToDoTDD" */ = {
			isa = XCConfigurationList;
			buildConfigurations = (
				DA3CC12023619F8C00D799B2 /* Debug */,
				DA3CC12123619F8C00D799B2 /* Release */,
			);
			defaultConfigurationIsVisible = 0;
			defaultConfigurationName = Release;
		};
		DA3CC12223619F8C00D799B2 /* Build configuration list for PBXNativeTarget "ToDoTDDTests" */ = {
			isa = XCConfigurationList;
			buildConfigurations = (
				DA3CC12323619F8C00D799B2 /* Debug */,
				DA3CC12423619F8C00D799B2 /* Release */,
			);
			defaultConfigurationIsVisible = 0;
			defaultConfigurationName = Release;
		};
/* End XCConfigurationList section */
	};
	rootObject = DA3CC0F823619F8B00D799B2 /* Project object */;
}
